{
  "name": "@activewidgets/react",
  "version": "0.0.1",
  "lockfileVersion": 1,
  "requires": true,
  "dependencies": {
    "@activewidgets/frameworks": {
      "version": "https://cdn.activewidgets.com/packages/frameworks-0.0.1.tgz",
      "integrity": "sha512-AuUNWeXkVIMRRgB53n0V4kciZDvqembfbJJCdrei6SdksQbSkCUoF2IGK9QEEjJNLBDETdrOZVUHjvgk01/moQ=="
    },
    "@activewidgets/grid": {
      "version": "https://cdn.activewidgets.com/packages/grid-0.0.1.tgz",
      "integrity": "sha512-nnjojvLwY9QwLNPy+brWADLAeoYngnHF2qPZfR4K8s229LYVWpMEhGsIheCSu2SMTkba9JrXcI6WIUvXDz5Ukg=="
    }
  }
}
